
Microsoft Visual Studio Solution File, Format Version 12.00
# Visual Studio Version 16
VisualStudioVersion = 16.0.30105.148
MinimumVisualStudioVersion = 10.0.40219.1
Project("{FAE04EC0-301F-11D3-BF4B-00C04F79EFBC}") = "EDennis.AspNet.Base", "EDennis.AspNet.Base\EDennis.AspNet.Base.csproj", "{C0B97A30-0DB5-43CE-B735-EDDB9FB9BB8E}"
EndProject
Global
	GlobalSection(SolutionConfigurationPlatforms) = preSolution
		Debug|Any CPU = Debug|Any CPU
		Release|Any CPU = Release|Any CPU
	EndGlobalSection
	GlobalSection(ProjectConfigurationPlatforms) = postSolution
		{C0B97A30-0DB5-43CE-B735-EDDB9FB9BB8E}.Debug|Any CPU.ActiveCfg = Debug|Any CPU
		{C0B97A30-0DB5-43CE-B735-EDDB9FB9BB8E}.Debug|Any CPU.Build.0 = Debug|Any CPU
		{C0B97A30-0DB5-43CE-B735-EDDB9FB9BB8E}.Release|Any CPU.ActiveCfg = Release|Any CPU
		{C0B97A30-0DB5-43CE-B735-EDDB9FB9BB8E}.Release|Any CPU.Build.0 = Release|Any CPU
	EndGlobalSection
	GlobalSection(SolutionProperties) = preSolution
		HideSolutionNode = FALSE
	EndGlobalSection
	GlobalSection(ExtensibilityGlobals) = postSolution
		SolutionGuid = {695AD478-4118-40C3-B83A-AC3DA1E961E8}
	EndGlobalSection
EndGlobal
