
Microsoft Visual Studio Solution File, Format Version 12.00
# Visual Studio Version 16
VisualStudioVersion = 16.0.30105.148
MinimumVisualStudioVersion = 10.0.40219.1
Project("{9A19103F-16F7-4668-BE54-9A1E7A4F7556}") = "EDennis.AspNetIdentityServer", "EDennis.AspNetIdentityServer\EDennis.AspNetIdentityServer.csproj", "{B127C1A2-9201-46F6-BD7A-8DE9D50F132E}"
EndProject
Project("{9A19103F-16F7-4668-BE54-9A1E7A4F7556}") = "EDennis.Samples.ColorApi", "EDennis.Samples.ColorApi\EDennis.Samples.ColorApi.csproj", "{8333618D-32B8-4D98-A14F-52B461F9FB29}"
EndProject
Project("{9A19103F-16F7-4668-BE54-9A1E7A4F7556}") = "EDennis.Samples.ColorApp.Server", "EDennis.Samples.ColorApp\Server\EDennis.Samples.ColorApp.Server.csproj", "{03A04F99-05DE-4FCC-8A96-9D973CBC1CBC}"
EndProject
Project("{9A19103F-16F7-4668-BE54-9A1E7A4F7556}") = "EDennis.Samples.ColorApp.Client", "EDennis.Samples.ColorApp\Client\EDennis.Samples.ColorApp.Client.csproj", "{2D726535-F774-409B-AD24-FB21C66578C3}"
EndProject
Project("{9A19103F-16F7-4668-BE54-9A1E7A4F7556}") = "EDennis.Samples.ColorApp.Shared", "EDennis.Samples.ColorApp\Shared\EDennis.Samples.ColorApp.Shared.csproj", "{29E8F922-5EE4-4893-A7C4-A20C27C43DF9}"
EndProject
Project("{9A19103F-16F7-4668-BE54-9A1E7A4F7556}") = "EDennis.NetStandard.Base", "EDennis.NetStandard.Base\EDennis.NetStandard.Base.csproj", "{B5191F45-2A1D-4CDA-9E68-BD4624D71F17}"
EndProject
Project("{9A19103F-16F7-4668-BE54-9A1E7A4F7556}") = "EDennis.Samples.ColorApp.Razor", "EDennis.Samples.ColorApp.Razor\EDennis.Samples.ColorApp.Razor.csproj", "{5CA41857-AC8D-45C5-AE49-CA9DDFD3E3AA}"
EndProject
Project("{9A19103F-16F7-4668-BE54-9A1E7A4F7556}") = "EDennis.RazorComponents", "EDennis.RazorComponents\EDennis.RazorComponents.csproj", "{0437E611-102E-47FE-B808-963772D3E4AE}"
EndProject
Project("{9A19103F-16F7-4668-BE54-9A1E7A4F7556}") = "EDennis.Samples.ColorApp.Launcher", "EDennis.Samples.ColorApp.Launcher\EDennis.Samples.ColorApp.Launcher.csproj", "{1A8ED00F-B0F3-4CA6-A69B-2A1160FDC236}"
EndProject
Global
	GlobalSection(SolutionConfigurationPlatforms) = preSolution
		Debug|Any CPU = Debug|Any CPU
		Release|Any CPU = Release|Any CPU
	EndGlobalSection
	GlobalSection(ProjectConfigurationPlatforms) = postSolution
		{B127C1A2-9201-46F6-BD7A-8DE9D50F132E}.Debug|Any CPU.ActiveCfg = Debug|Any CPU
		{B127C1A2-9201-46F6-BD7A-8DE9D50F132E}.Debug|Any CPU.Build.0 = Debug|Any CPU
		{B127C1A2-9201-46F6-BD7A-8DE9D50F132E}.Release|Any CPU.ActiveCfg = Release|Any CPU
		{B127C1A2-9201-46F6-BD7A-8DE9D50F132E}.Release|Any CPU.Build.0 = Release|Any CPU
		{8333618D-32B8-4D98-A14F-52B461F9FB29}.Debug|Any CPU.ActiveCfg = Debug|Any CPU
		{8333618D-32B8-4D98-A14F-52B461F9FB29}.Debug|Any CPU.Build.0 = Debug|Any CPU
		{8333618D-32B8-4D98-A14F-52B461F9FB29}.Release|Any CPU.ActiveCfg = Release|Any CPU
		{8333618D-32B8-4D98-A14F-52B461F9FB29}.Release|Any CPU.Build.0 = Release|Any CPU
		{03A04F99-05DE-4FCC-8A96-9D973CBC1CBC}.Debug|Any CPU.ActiveCfg = Debug|Any CPU
		{03A04F99-05DE-4FCC-8A96-9D973CBC1CBC}.Debug|Any CPU.Build.0 = Debug|Any CPU
		{03A04F99-05DE-4FCC-8A96-9D973CBC1CBC}.Release|Any CPU.ActiveCfg = Release|Any CPU
		{03A04F99-05DE-4FCC-8A96-9D973CBC1CBC}.Release|Any CPU.Build.0 = Release|Any CPU
		{2D726535-F774-409B-AD24-FB21C66578C3}.Debug|Any CPU.ActiveCfg = Debug|Any CPU
		{2D726535-F774-409B-AD24-FB21C66578C3}.Debug|Any CPU.Build.0 = Debug|Any CPU
		{2D726535-F774-409B-AD24-FB21C66578C3}.Release|Any CPU.ActiveCfg = Release|Any CPU
		{2D726535-F774-409B-AD24-FB21C66578C3}.Release|Any CPU.Build.0 = Release|Any CPU
		{29E8F922-5EE4-4893-A7C4-A20C27C43DF9}.Debug|Any CPU.ActiveCfg = Debug|Any CPU
		{29E8F922-5EE4-4893-A7C4-A20C27C43DF9}.Debug|Any CPU.Build.0 = Debug|Any CPU
		{29E8F922-5EE4-4893-A7C4-A20C27C43DF9}.Release|Any CPU.ActiveCfg = Release|Any CPU
		{29E8F922-5EE4-4893-A7C4-A20C27C43DF9}.Release|Any CPU.Build.0 = Release|Any CPU
		{B5191F45-2A1D-4CDA-9E68-BD4624D71F17}.Debug|Any CPU.ActiveCfg = Debug|Any CPU
		{B5191F45-2A1D-4CDA-9E68-BD4624D71F17}.Debug|Any CPU.Build.0 = Debug|Any CPU
		{B5191F45-2A1D-4CDA-9E68-BD4624D71F17}.Release|Any CPU.ActiveCfg = Release|Any CPU
		{B5191F45-2A1D-4CDA-9E68-BD4624D71F17}.Release|Any CPU.Build.0 = Release|Any CPU
		{5CA41857-AC8D-45C5-AE49-CA9DDFD3E3AA}.Debug|Any CPU.ActiveCfg = Debug|Any CPU
		{5CA41857-AC8D-45C5-AE49-CA9DDFD3E3AA}.Debug|Any CPU.Build.0 = Debug|Any CPU
		{5CA41857-AC8D-45C5-AE49-CA9DDFD3E3AA}.Release|Any CPU.ActiveCfg = Release|Any CPU
		{5CA41857-AC8D-45C5-AE49-CA9DDFD3E3AA}.Release|Any CPU.Build.0 = Release|Any CPU
		{0437E611-102E-47FE-B808-963772D3E4AE}.Debug|Any CPU.ActiveCfg = Debug|Any CPU
		{0437E611-102E-47FE-B808-963772D3E4AE}.Debug|Any CPU.Build.0 = Debug|Any CPU
		{0437E611-102E-47FE-B808-963772D3E4AE}.Release|Any CPU.ActiveCfg = Release|Any CPU
		{0437E611-102E-47FE-B808-963772D3E4AE}.Release|Any CPU.Build.0 = Release|Any CPU
		{1A8ED00F-B0F3-4CA6-A69B-2A1160FDC236}.Debug|Any CPU.ActiveCfg = Debug|Any CPU
		{1A8ED00F-B0F3-4CA6-A69B-2A1160FDC236}.Debug|Any CPU.Build.0 = Debug|Any CPU
		{1A8ED00F-B0F3-4CA6-A69B-2A1160FDC236}.Release|Any CPU.ActiveCfg = Release|Any CPU
		{1A8ED00F-B0F3-4CA6-A69B-2A1160FDC236}.Release|Any CPU.Build.0 = Release|Any CPU
	EndGlobalSection
	GlobalSection(SolutionProperties) = preSolution
		HideSolutionNode = FALSE
	EndGlobalSection
	GlobalSection(ExtensibilityGlobals) = postSolution
		SolutionGuid = {695AD478-4118-40C3-B83A-AC3DA1E961E8}
	EndGlobalSection
EndGlobal
